{
  "requires": true,
  "lockfileVersion": 1,
  "dependencies": {
    "@polkadot/api": {
      "version": "0.100.0-beta.15",
      "resolved": "https://registry.npmjs.org/@polkadot/api/-/api-0.100.0-beta.15.tgz",
      "integrity": "sha512-defwmIUTCFEIsFbK4zIN/tDwV3xJOcuIPcQiYMrQm6GJFr8KD4tqmWUq2L+aIG+nDzQmjm3PjP4+5IKD7T4Qsw==",
      "requires": {
        "@babel/runtime": "^7.7.6",
        "@polkadot/api-derive": "^0.100.0-beta.15",
        "@polkadot/keyring": "^1.7.1",
        "@polkadot/metadata": "^0.100.0-beta.15",
        "@polkadot/rpc-core": "^0.100.0-beta.15",
        "@polkadot/rpc-provider": "^0.100.0-beta.15",
        "@polkadot/types": "^0.100.0-beta.15",
        "@polkadot/util-crypto": "^1.7.1"
      },
      "dependencies": {
        "@babel/runtime": {
          "version": "7.7.7",
          "resolved": "https://registry.npmjs.org/@babel/runtime/-/runtime-7.7.7.tgz",
          "integrity": "sha512-uCnC2JEVAu8AKB5do1WRIsvrdJ0flYx/A/9f/6chdacnEZ7LmavjdsDXr5ksYBegxtuTPR5Va9/+13QF/kFkCA==",
          "requires": {
            "regenerator-runtime": "^0.13.2"
          }
        },
        "@polkadot/api-derive": {
          "version": "0.100.0-beta.15",
          "resolved": "https://registry.npmjs.org/@polkadot/api-derive/-/api-derive-0.100.0-beta.15.tgz",
          "integrity": "sha512-VLHMRa1N3xabfdZKivbMn9Ng1G5V4t+CtRhpupjdqC0FqfHRLS+QrWB4Tqj2xOf0HeyBKfJg26CvWn42kRD7Hg==",
          "requires": {
            "@babel/runtime": "^7.7.6",
            "@polkadot/api": "^0.100.0-beta.15",
            "@polkadot/types": "^0.100.0-beta.15"
          }
        },
        "@polkadot/jsonrpc": {
          "version": "0.100.0-beta.15",
          "resolved": "https://registry.npmjs.org/@polkadot/jsonrpc/-/jsonrpc-0.100.0-beta.15.tgz",
          "integrity": "sha512-EV5WU0Ok9A4V6UkvoOmN0S5VMFw+QSXSEJLwmknpZO7pdvsSaujnlfxWTOIraf7VHEcvmiUXzjiW5g924nIejg==",
          "requires": {
            "@babel/runtime": "^7.7.6"
          }
        },
        "@polkadot/keyring": {
          "version": "1.7.1",
          "resolved": "https://registry.npmjs.org/@polkadot/keyring/-/keyring-1.7.1.tgz",
          "integrity": "sha512-CWCnU0zsaot0QvEiasKfhCiVlZCIVKOQGPzXiVE9JSjoqTQQJ0BEdaEfM4x0/bFFvvsn/8RcjLPpxBPSfe2eOg==",
          "requires": {
            "@babel/runtime": "^7.7.4",
            "@polkadot/util": "^1.7.1",
            "@polkadot/util-crypto": "^1.7.1"
          }
        },
        "@polkadot/metadata": {
          "version": "0.100.0-beta.15",
          "resolved": "https://registry.npmjs.org/@polkadot/metadata/-/metadata-0.100.0-beta.15.tgz",
          "integrity": "sha512-fNEJOHeW74Yx1O2KxevWdUMJVsKhETlZVdnQpA+bWhZCLUNTBLzIcU0UQ0mm3pL4rPtLrpczOGwKElDWC89ocQ==",
          "requires": {
            "@babel/runtime": "^7.7.6",
            "@polkadot/types": "^0.100.0-beta.15",
            "@polkadot/util": "^1.7.1",
            "@polkadot/util-crypto": "^1.7.1"
          }
        },
        "@polkadot/rpc-core": {
          "version": "0.100.0-beta.15",
          "resolved": "https://registry.npmjs.org/@polkadot/rpc-core/-/rpc-core-0.100.0-beta.15.tgz",
          "integrity": "sha512-FhPp3XNRX8PX2OeelDZNgLsZnOLQVnJI9g3KAab2PH/sA/kuR4j8DM/vZRivEX/K0BWBj4jsiQHT/Y9NyBUqkQ==",
          "requires": {
            "@babel/runtime": "^7.7.6",
            "@polkadot/jsonrpc": "^0.100.0-beta.15",
            "@polkadot/rpc-provider": "^0.100.0-beta.15",
            "@polkadot/types": "^0.100.0-beta.15",
            "@polkadot/util": "^1.7.1",
            "rxjs": "^6.5.3"
          }
        },
        "@polkadot/rpc-provider": {
          "version": "0.100.0-beta.15",
          "resolved": "https://registry.npmjs.org/@polkadot/rpc-provider/-/rpc-provider-0.100.0-beta.15.tgz",
          "integrity": "sha512-qubiC7PCJu5tFoqaZb3KBOowDMNWfZBA4RPeEtaRzDjtlIg84u6OaXPO8qQQq/KV4AOOTRt7U91/NykDf4wBKQ==",
          "requires": {
            "@babel/runtime": "^7.7.6",
            "@polkadot/metadata": "^0.100.0-beta.15",
            "@polkadot/util": "^1.7.1",
            "@polkadot/util-crypto": "^1.7.1",
            "eventemitter3": "^4.0.0",
            "isomorphic-fetch": "^2.2.1",
            "websocket": "^1.0.31"
          }
        },
        "@polkadot/types": {
          "version": "0.100.0-beta.15",
          "resolved": "https://registry.npmjs.org/@polkadot/types/-/types-0.100.0-beta.15.tgz",
          "integrity": "sha512-1FjrkXNhxVY0KuzXgFZeGudtE0N0lZCaw+lnUCtPq/5mxfUghJaVdHuU9+Wit5oap20b+3pgxCY1dPA7Si+k8Q==",
          "requires": {
            "@babel/runtime": "^7.7.6",
            "@polkadot/metadata": "^0.100.0-beta.15",
            "@polkadot/util": "^1.7.1",
            "@polkadot/util-crypto": "^1.7.1",
            "@types/memoizee": "^0.4.3",
            "memoizee": "^0.4.14"
          }
        },
        "@polkadot/util": {
          "version": "1.7.1",
          "resolved": "https://registry.npmjs.org/@polkadot/util/-/util-1.7.1.tgz",
          "integrity": "sha512-tWvh+vYDIiXDIWgAGd9zyJWlDKxQ5KYTKZ9uTlLxfuy1qXEdVOjlX9Qz5+FACU2742e8tTvtvM9KfK05VK5X/A==",
          "requires": {
            "@babel/runtime": "^7.7.4",
            "@types/bn.js": "^4.11.5",
            "bn.js": "^4.11.8",
            "camelcase": "^5.3.1",
            "chalk": "^3.0.0",
            "ip-regex": "^4.1.0",
            "moment": "^2.24.0"
          }
        },
        "@polkadot/util-crypto": {
          "version": "1.7.1",
          "resolved": "https://registry.npmjs.org/@polkadot/util-crypto/-/util-crypto-1.7.1.tgz",
          "integrity": "sha512-g0JCciJLJXbkc/Q+2QuJgCgS0Xfl7tO97ALdsI00bgSDA7zlh2zhjpx03Ve47hMndmn7K8ClIGrj4nxHx/95Tw==",
          "requires": {
            "@babel/runtime": "^7.7.4",
            "@polkadot/util": "^1.7.1",
            "@polkadot/wasm-crypto": "^0.14.1",
            "@types/bip39": "^2.4.2",
            "@types/bs58": "^4.0.0",
            "@types/pbkdf2": "^3.0.0",
            "@types/secp256k1": "^3.5.0",
            "@types/xxhashjs": "^0.2.1",
            "base-x": "3.0.5",
            "bip39": "^2.5.0",
            "blakejs": "^1.1.0",
            "bs58": "^4.0.1",
            "js-sha3": "^0.8.0",
            "secp256k1": "^3.7.0",
            "tweetnacl": "^1.0.1",
            "xxhashjs": "^0.2.2"
          }
        },
        "@polkadot/wasm-crypto": {
          "version": "0.14.1",
          "resolved": "https://registry.npmjs.org/@polkadot/wasm-crypto/-/wasm-crypto-0.14.1.tgz",
          "integrity": "sha512-Xng7L2Z8TNZa/5g6pot4O06Jf0ohQRZdvfl8eQL+E/L2mcqJYC1IjkMxJBSBuQEV7hisWzh9mHOy5WCcgPk29Q=="
        },
        "@types/bip39": {
          "version": "2.4.2",
          "resolved": "https://registry.npmjs.org/@types/bip39/-/bip39-2.4.2.tgz",
          "integrity": "sha512-Vo9lqOIRq8uoIzEVrV87ZvcIM0PN9t0K3oYZ/CS61fIYKCBdOIM7mlWzXuRvSXrDtVa1uUO2w1cdfufxTC0bzg==",
          "requires": {
            "@types/node": "*"
          }
        },
        "@types/bn.js": {
          "version": "4.11.5",
          "resolved": "https://registry.npmjs.org/@types/bn.js/-/bn.js-4.11.5.tgz",
          "integrity": "sha512-AEAZcIZga0JgVMHNtl1CprA/hXX7/wPt79AgR4XqaDt7jyj3QWYw6LPoOiznPtugDmlubUnAahMs2PFxGcQrng==",
          "requires": {
            "@types/node": "*"
          }
        },
        "@types/bs58": {
          "version": "4.0.1",
          "resolved": "https://registry.npmjs.org/@types/bs58/-/bs58-4.0.1.tgz",
          "integrity": "sha512-yfAgiWgVLjFCmRv8zAcOIHywYATEwiTVccTLnRp6UxTNavT55M9d/uhK3T03St/+8/z/wW+CRjGKUNmEqoHHCA==",
          "requires": {
            "base-x": "^3.0.6"
          },
          "dependencies": {
            "base-x": {
              "version": "3.0.7",
              "resolved": "https://registry.npmjs.org/base-x/-/base-x-3.0.7.tgz",
              "integrity": "sha512-zAKJGuQPihXW22fkrfOclUUZXM2g92z5GzlSMHxhO6r6Qj+Nm0ccaGNBzDZojzwOMkpjAv4J0fOv1U4go+a4iw==",
              "requires": {
                "safe-buffer": "^5.0.1"
              }
            }
          }
        },
        "@types/color-name": {
          "version": "1.1.1",
          "resolved": "https://registry.npmjs.org/@types/color-name/-/color-name-1.1.1.tgz",
          "integrity": "sha512-rr+OQyAjxze7GgWrSaJwydHStIhHq2lvY3BOC2Mj7KnzI7XK0Uw1TOOdI9lDoajEbSWLiYgoo4f1R51erQfhPQ=="
        },
        "@types/memoizee": {
          "version": "0.4.3",
          "resolved": "https://registry.npmjs.org/@types/memoizee/-/memoizee-0.4.3.tgz",
          "integrity": "sha512-N6QT0c9ZbEKl33n1wyoTxZs4cpN+YXjs0Aqy5Qim8ipd9PBNIPqOh/p5Pixc4601tqr5GErsdxUbfqviDfubNw=="
        },
        "@types/node": {
          "version": "13.1.2",
          "resolved": "https://registry.npmjs.org/@types/node/-/node-13.1.2.tgz",
          "integrity": "sha512-B8emQA1qeKerqd1dmIsQYnXi+mmAzTB7flExjmy5X1aVAKFNNNDubkavwR13kR6JnpeLp3aLoJhwn9trWPAyFQ=="
        },
        "@types/pbkdf2": {
          "version": "3.0.0",
          "resolved": "https://registry.npmjs.org/@types/pbkdf2/-/pbkdf2-3.0.0.tgz",
          "integrity": "sha512-6J6MHaAlBJC/eVMy9jOwj9oHaprfutukfW/Dyt0NEnpQ/6HN6YQrpvLwzWdWDeWZIdenjGHlbYDzyEODO5Z+2Q==",
          "requires": {
            "@types/node": "*"
          }
        },
        "@types/secp256k1": {
          "version": "3.5.0",
          "resolved": "https://registry.npmjs.org/@types/secp256k1/-/secp256k1-3.5.0.tgz",
          "integrity": "sha512-ZE39QhkIaNK6xbKIp1VLN5O36r97LuslLmRnjAcT0sVDxcfvrk3zqp/VnIfmGza7J6jDxR8dIai3hsCxPYglPA==",
          "requires": {
            "@types/node": "*"
          }
        },
        "@types/xxhashjs": {
          "version": "0.2.1",
          "resolved": "https://registry.npmjs.org/@types/xxhashjs/-/xxhashjs-0.2.1.tgz",
          "integrity": "sha512-Akm13wkwsQylVnBokl/aiKLtSxndSjfgTjdvmSxXNehYy4NymwdfdJHwGhpV54wcYfmOByOp3ak8AGdUlvp0sA==",
          "requires": {
            "@types/node": "*"
          }
        },
        "ansi-styles": {
          "version": "4.2.1",
          "resolved": "https://registry.npmjs.org/ansi-styles/-/ansi-styles-4.2.1.tgz",
          "integrity": "sha512-9VGjrMsG1vePxcSweQsN20KY/c4zN0h9fLjqAbwbPfahM3t+NL+M9HC8xeXG2I8pX5NoamTGNuomEUFI7fcUjA==",
          "requires": {
            "@types/color-name": "^1.1.1",
            "color-convert": "^2.0.1"
          }
        },
        "base-x": {
          "version": "3.0.5",
          "resolved": "https://registry.npmjs.org/base-x/-/base-x-3.0.5.tgz",
          "integrity": "sha512-C3picSgzPSLE+jW3tcBzJoGwitOtazb5B+5YmAxZm2ybmTi9LNgAtDO/jjVEBZwHoXmDBZ9m/IELj3elJVRBcA==",
          "requires": {
            "safe-buffer": "^5.0.1"
          }
        },
        "bindings": {
          "version": "1.5.0",
          "resolved": "https://registry.npmjs.org/bindings/-/bindings-1.5.0.tgz",
          "integrity": "sha512-p2q/t/mhvuOj/UeLlV6566GD/guowlr0hHxClI0W9m7MWYkL1F0hLo+0Aexs9HSPCtR1SXQ0TD3MMKrXZajbiQ==",
          "requires": {
            "file-uri-to-path": "1.0.0"
          }
        },
        "bip39": {
          "version": "2.6.0",
          "resolved": "https://registry.npmjs.org/bip39/-/bip39-2.6.0.tgz",
          "integrity": "sha512-RrnQRG2EgEoqO24ea+Q/fftuPUZLmrEM3qNhhGsA3PbaXaCW791LTzPuVyx/VprXQcTbPJ3K3UeTna8ZnVl2sg==",
          "requires": {
            "create-hash": "^1.1.0",
            "pbkdf2": "^3.0.9",
            "randombytes": "^2.0.1",
            "safe-buffer": "^5.0.1",
            "unorm": "^1.3.3"
          }
        },
        "bip66": {
          "version": "1.1.5",
          "resolved": "https://registry.npmjs.org/bip66/-/bip66-1.1.5.tgz",
          "integrity": "sha1-AfqHSHhcpwlV1QESF9GzE5lpyiI=",
          "requires": {
            "safe-buffer": "^5.0.1"
          }
        },
        "blakejs": {
          "version": "1.1.0",
          "resolved": "https://registry.npmjs.org/blakejs/-/blakejs-1.1.0.tgz",
          "integrity": "sha1-ad+S75U6qIylGjLfarHFShVfx6U="
        },
        "bn.js": {
          "version": "4.11.8",
          "resolved": "https://registry.npmjs.org/bn.js/-/bn.js-4.11.8.tgz",
          "integrity": "sha512-ItfYfPLkWHUjckQCk8xC+LwxgK8NYcXywGigJgSwOP8Y2iyWT4f2vsZnoOXTTbo+o5yXmIUJ4gn5538SO5S3gA=="
        },
        "brorand": {
          "version": "1.1.0",
          "resolved": "https://registry.npmjs.org/brorand/-/brorand-1.1.0.tgz",
          "integrity": "sha1-EsJe/kCkXjwyPrhnWgoM5XsiNx8="
        },
        "browserify-aes": {
          "version": "1.2.0",
          "resolved": "https://registry.npmjs.org/browserify-aes/-/browserify-aes-1.2.0.tgz",
          "integrity": "sha512-+7CHXqGuspUn/Sl5aO7Ea0xWGAtETPXNSAjHo48JfLdPWcMng33Xe4znFvQweqc/uzk5zSOI3H52CYnjCfb5hA==",
          "requires": {
            "buffer-xor": "^1.0.3",
            "cipher-base": "^1.0.0",
            "create-hash": "^1.1.0",
            "evp_bytestokey": "^1.0.3",
            "inherits": "^2.0.1",
            "safe-buffer": "^5.0.1"
          }
        },
        "bs58": {
          "version": "4.0.1",
          "resolved": "https://registry.npmjs.org/bs58/-/bs58-4.0.1.tgz",
          "integrity": "sha1-vhYedsNU9veIrkBx9j806MTwpCo=",
          "requires": {
            "base-x": "^3.0.2"
          }
        },
        "buffer-xor": {
          "version": "1.0.3",
          "resolved": "https://registry.npmjs.org/buffer-xor/-/buffer-xor-1.0.3.tgz",
          "integrity": "sha1-JuYe0UIvtw3ULm42cp7VHYVf6Nk="
        },
        "camelcase": {
          "version": "5.3.1",
          "resolved": "https://registry.npmjs.org/camelcase/-/camelcase-5.3.1.tgz",
          "integrity": "sha512-L28STB170nwWS63UjtlEOE3dldQApaJXZkOI1uMFfzf3rRuPegHaHesyee+YxQ+W6SvRDQV6UrdOdRiR153wJg=="
        },
        "chalk": {
          "version": "3.0.0",
          "resolved": "https://registry.npmjs.org/chalk/-/chalk-3.0.0.tgz",
          "integrity": "sha512-4D3B6Wf41KOYRFdszmDqMCGq5VV/uMAB273JILmO+3jAlh8X4qDtdtgCR3fxtbLEMzSx22QdhnDcJvu2u1fVwg==",
          "requires": {
            "ansi-styles": "^4.1.0",
            "supports-color": "^7.1.0"
          }
        },
        "cipher-base": {
          "version": "1.0.4",
          "resolved": "https://registry.npmjs.org/cipher-base/-/cipher-base-1.0.4.tgz",
          "integrity": "sha512-Kkht5ye6ZGmwv40uUDZztayT2ThLQGfnj/T71N/XzeZeo3nf8foyW7zGTsPYkEya3m5f3cAypH+qe7YOrM1U2Q==",
          "requires": {
            "inherits": "^2.0.1",
            "safe-buffer": "^5.0.1"
          }
        },
        "color-convert": {
          "version": "2.0.1",
          "resolved": "https://registry.npmjs.org/color-convert/-/color-convert-2.0.1.tgz",
          "integrity": "sha512-RRECPsj7iu/xb5oKYcsFHSppFNnsj/52OVTRKb4zP5onXwVF3zVmmToNcOfGC+CRDpfK/U584fMg38ZHCaElKQ==",
          "requires": {
            "color-name": "~1.1.4"
          }
        },
        "color-name": {
          "version": "1.1.4",
          "resolved": "https://registry.npmjs.org/color-name/-/color-name-1.1.4.tgz",
          "integrity": "sha512-dOy+3AuW3a2wNbZHIuMZpTcgjGuLU/uBL/ubcZF9OXbDo8ff4O8yVp5Bf0efS8uEoYo5q4Fx7dY9OgQGXgAsQA=="
        },
        "create-hash": {
          "version": "1.2.0",
          "resolved": "https://registry.npmjs.org/create-hash/-/create-hash-1.2.0.tgz",
          "integrity": "sha512-z00bCGNHDG8mHAkP7CtT1qVu+bFQUPjYq/4Iv3C3kWjTFV10zIjfSoeqXo9Asws8gwSHDGj/hl2u4OGIjapeCg==",
          "requires": {
            "cipher-base": "^1.0.1",
            "inherits": "^2.0.1",
            "md5.js": "^1.3.4",
            "ripemd160": "^2.0.1",
            "sha.js": "^2.4.0"
          }
        },
        "create-hmac": {
          "version": "1.1.7",
          "resolved": "https://registry.npmjs.org/create-hmac/-/create-hmac-1.1.7.tgz",
          "integrity": "sha512-MJG9liiZ+ogc4TzUwuvbER1JRdgvUFSB5+VR/g5h82fGaIRWMWddtKBHi7/sVhfjQZ6SehlyhvQYrcYkaUIpLg==",
          "requires": {
            "cipher-base": "^1.0.3",
            "create-hash": "^1.1.0",
            "inherits": "^2.0.1",
            "ripemd160": "^2.0.0",
            "safe-buffer": "^5.0.1",
            "sha.js": "^2.4.8"
          }
        },
        "cuint": {
          "version": "0.2.2",
          "resolved": "https://registry.npmjs.org/cuint/-/cuint-0.2.2.tgz",
          "integrity": "sha1-QICG1AlVDCYxFVYZ6fp7ytw7mRs="
        },
        "d": {
          "version": "1.0.1",
          "resolved": "https://registry.npmjs.org/d/-/d-1.0.1.tgz",
          "integrity": "sha512-m62ShEObQ39CfralilEQRjH6oAMtNCV1xJyEx5LpRYUVN+EviphDgUc/F3hnYbADmkiNs67Y+3ylmlG7Lnu+FA==",
          "requires": {
            "es5-ext": "^0.10.50",
            "type": "^1.0.1"
          }
        },
        "debug": {
          "version": "2.6.9",
          "resolved": "https://registry.npmjs.org/debug/-/debug-2.6.9.tgz",
          "integrity": "sha512-bC7ElrdJaJnPbAP+1EotYvqZsb3ecl5wi6Bfi6BJTUcNowp6cvspg0jXznRTKDjm/E7AdgFBVeAPVMNcKGsHMA==",
          "requires": {
            "ms": "2.0.0"
          }
        },
        "drbg.js": {
          "version": "1.0.1",
          "resolved": "https://registry.npmjs.org/drbg.js/-/drbg.js-1.0.1.tgz",
          "integrity": "sha1-Pja2xCs3BDgjzbwzLVjzHiRFSAs=",
          "requires": {
            "browserify-aes": "^1.0.6",
            "create-hash": "^1.1.2",
            "create-hmac": "^1.1.4"
          }
        },
        "elliptic": {
          "version": "6.5.2",
          "resolved": "https://registry.npmjs.org/elliptic/-/elliptic-6.5.2.tgz",
          "integrity": "sha512-f4x70okzZbIQl/NSRLkI/+tteV/9WqL98zx+SQ69KbXxmVrmjwsNUPn/gYJJ0sHvEak24cZgHIPegRePAtA/xw==",
          "requires": {
            "bn.js": "^4.4.0",
            "brorand": "^1.0.1",
            "hash.js": "^1.0.0",
            "hmac-drbg": "^1.0.0",
            "inherits": "^2.0.1",
            "minimalistic-assert": "^1.0.0",
            "minimalistic-crypto-utils": "^1.0.0"
          }
        },
        "encoding": {
          "version": "0.1.12",
          "resolved": "https://registry.npmjs.org/encoding/-/encoding-0.1.12.tgz",
          "integrity": "sha1-U4tm8+5izRq1HsMjgp0flIDHS+s=",
          "requires": {
            "iconv-lite": "~0.4.13"
          }
        },
        "es5-ext": {
          "version": "0.10.53",
          "resolved": "https://registry.npmjs.org/es5-ext/-/es5-ext-0.10.53.tgz",
          "integrity": "sha512-Xs2Stw6NiNHWypzRTY1MtaG/uJlwCk8kH81920ma8mvN8Xq1gsfhZvpkImLQArw8AHnv8MT2I45J3c0R8slE+Q==",
          "requires": {
            "es6-iterator": "~2.0.3",
            "es6-symbol": "~3.1.3",
            "next-tick": "~1.0.0"
          }
        },
        "es6-iterator": {
          "version": "2.0.3",
          "resolved": "https://registry.npmjs.org/es6-iterator/-/es6-iterator-2.0.3.tgz",
          "integrity": "sha1-p96IkUGgWpSwhUQDstCg+/qY87c=",
          "requires": {
            "d": "1",
            "es5-ext": "^0.10.35",
            "es6-symbol": "^3.1.1"
          }
        },
        "es6-symbol": {
          "version": "3.1.3",
          "resolved": "https://registry.npmjs.org/es6-symbol/-/es6-symbol-3.1.3.tgz",
          "integrity": "sha512-NJ6Yn3FuDinBaBRWl/q5X/s4koRHBrgKAu+yGI6JCBeiu3qrcbJhwT2GeR/EXVfylRk8dpQVJoLEFhK+Mu31NA==",
          "requires": {
            "d": "^1.0.1",
            "ext": "^1.1.2"
          }
        },
        "es6-weak-map": {
          "version": "2.0.3",
          "resolved": "https://registry.npmjs.org/es6-weak-map/-/es6-weak-map-2.0.3.tgz",
          "integrity": "sha512-p5um32HOTO1kP+w7PRnB+5lQ43Z6muuMuIMffvDN8ZB4GcnjLBV6zGStpbASIMk4DCAvEaamhe2zhyCb/QXXsA==",
          "requires": {
            "d": "1",
            "es5-ext": "^0.10.46",
            "es6-iterator": "^2.0.3",
            "es6-symbol": "^3.1.1"
          }
        },
        "event-emitter": {
          "version": "0.3.5",
          "resolved": "https://registry.npmjs.org/event-emitter/-/event-emitter-0.3.5.tgz",
          "integrity": "sha1-34xp7vFkeSPHFXuc6DhAYQsCzDk=",
          "requires": {
            "d": "1",
            "es5-ext": "~0.10.14"
          }
        },
        "eventemitter3": {
          "version": "4.0.0",
          "resolved": "https://registry.npmjs.org/eventemitter3/-/eventemitter3-4.0.0.tgz",
          "integrity": "sha512-qerSRB0p+UDEssxTtm6EDKcE7W4OaoisfIMl4CngyEhjpYglocpNg6UEqCvemdGhosAsg4sO2dXJOdyBifPGCg=="
        },
        "evp_bytestokey": {
          "version": "1.0.3",
          "resolved": "https://registry.npmjs.org/evp_bytestokey/-/evp_bytestokey-1.0.3.tgz",
          "integrity": "sha512-/f2Go4TognH/KvCISP7OUsHn85hT9nUkxxA9BEWxFn+Oj9o8ZNLm/40hdlgSLyuOimsrTKLUMEorQexp/aPQeA==",
          "requires": {
            "md5.js": "^1.3.4",
            "safe-buffer": "^5.1.1"
          }
        },
        "ext": {
          "version": "1.4.0",
          "resolved": "https://registry.npmjs.org/ext/-/ext-1.4.0.tgz",
          "integrity": "sha512-Key5NIsUxdqKg3vIsdw9dSuXpPCQ297y6wBjL30edxwPgt2E44WcWBZey/ZvUc6sERLTxKdyCu4gZFmUbk1Q7A==",
          "requires": {
            "type": "^2.0.0"
          },
          "dependencies": {
            "type": {
              "version": "2.0.0",
              "resolved": "https://registry.npmjs.org/type/-/type-2.0.0.tgz",
              "integrity": "sha512-KBt58xCHry4Cejnc2ISQAF7QY+ORngsWfxezO68+12hKV6lQY8P/psIkcbjeHWn7MqcgciWJyCCevFMJdIXpow=="
            }
          }
        },
        "file-uri-to-path": {
          "version": "1.0.0",
          "resolved": "https://registry.npmjs.org/file-uri-to-path/-/file-uri-to-path-1.0.0.tgz",
          "integrity": "sha512-0Zt+s3L7Vf1biwWZ29aARiVYLx7iMGnEUl9x33fbB/j3jR81u/O2LbqK+Bm1CDSNDKVtJ/YjwY7TUd5SkeLQLw=="
        },
        "has-flag": {
          "version": "4.0.0",
          "resolved": "https://registry.npmjs.org/has-flag/-/has-flag-4.0.0.tgz",
          "integrity": "sha512-EykJT/Q1KjTWctppgIAgfSO0tKVuZUjhgMr17kqTumMl6Afv3EISleU7qZUzoXDFTAHTDC4NOoG/ZxU3EvlMPQ=="
        },
        "hash-base": {
          "version": "3.0.4",
          "resolved": "https://registry.npmjs.org/hash-base/-/hash-base-3.0.4.tgz",
          "integrity": "sha1-X8hoaEfs1zSZQDMZprCj8/auSRg=",
          "requires": {
            "inherits": "^2.0.1",
            "safe-buffer": "^5.0.1"
          }
        },
        "hash.js": {
          "version": "1.1.7",
          "resolved": "https://registry.npmjs.org/hash.js/-/hash.js-1.1.7.tgz",
          "integrity": "sha512-taOaskGt4z4SOANNseOviYDvjEJinIkRgmp7LbKP2YTTmVxWBl87s/uzK9r+44BclBSp2X7K1hqeNfz9JbBeXA==",
          "requires": {
            "inherits": "^2.0.3",
            "minimalistic-assert": "^1.0.1"
          }
        },
        "hmac-drbg": {
          "version": "1.0.1",
          "resolved": "https://registry.npmjs.org/hmac-drbg/-/hmac-drbg-1.0.1.tgz",
          "integrity": "sha1-0nRXAQJabHdabFRXk+1QL8DGSaE=",
          "requires": {
            "hash.js": "^1.0.3",
            "minimalistic-assert": "^1.0.0",
            "minimalistic-crypto-utils": "^1.0.1"
          }
        },
        "iconv-lite": {
          "version": "0.4.24",
          "resolved": "https://registry.npmjs.org/iconv-lite/-/iconv-lite-0.4.24.tgz",
          "integrity": "sha512-v3MXnZAcvnywkTUEZomIActle7RXXeedOR31wwl7VlyoXO4Qi9arvSenNQWne1TcRwhCL1HwLI21bEqdpj8/rA==",
          "requires": {
            "safer-buffer": ">= 2.1.2 < 3"
          }
        },
        "inherits": {
          "version": "2.0.4",
          "resolved": "https://registry.npmjs.org/inherits/-/inherits-2.0.4.tgz",
          "integrity": "sha512-k/vGaX4/Yla3WzyMCvTQOXYeIHvqOKtnqBduzTHpzpQZzAskKMhZ2K+EnBiSM9zGSoIFeMpXKxa4dYeZIQqewQ=="
        },
        "ip-regex": {
          "version": "4.1.0",
          "resolved": "https://registry.npmjs.org/ip-regex/-/ip-regex-4.1.0.tgz",
          "integrity": "sha512-pKnZpbgCTfH/1NLIlOduP/V+WRXzC2MOz3Qo8xmxk8C5GudJLgK5QyLVXOSWy3ParAH7Eemurl3xjv/WXYFvMA=="
        },
        "is-promise": {
          "version": "2.1.0",
          "resolved": "https://registry.npmjs.org/is-promise/-/is-promise-2.1.0.tgz",
          "integrity": "sha1-eaKp7OfwlugPNtKy87wWwf9L8/o="
        },
        "is-stream": {
          "version": "1.1.0",
          "resolved": "https://registry.npmjs.org/is-stream/-/is-stream-1.1.0.tgz",
          "integrity": "sha1-EtSj3U5o4Lec6428hBc66A2RykQ="
        },
        "is-typedarray": {
          "version": "1.0.0",
          "resolved": "https://registry.npmjs.org/is-typedarray/-/is-typedarray-1.0.0.tgz",
          "integrity": "sha1-5HnICFjfDBsR3dppQPlgEfzaSpo="
        },
        "isomorphic-fetch": {
          "version": "2.2.1",
          "resolved": "https://registry.npmjs.org/isomorphic-fetch/-/isomorphic-fetch-2.2.1.tgz",
          "integrity": "sha1-YRrhrPFPXoH3KVB0coGf6XM1WKk=",
          "requires": {
            "node-fetch": "^1.0.1",
            "whatwg-fetch": ">=0.10.0"
          }
        },
        "js-sha3": {
          "version": "0.8.0",
          "resolved": "https://registry.npmjs.org/js-sha3/-/js-sha3-0.8.0.tgz",
          "integrity": "sha512-gF1cRrHhIzNfToc802P800N8PpXS+evLLXfsVpowqmAFR9uwbi89WvXg2QspOmXL8QL86J4T1EpFu+yUkwJY3Q=="
        },
        "lru-queue": {
          "version": "0.1.0",
          "resolved": "https://registry.npmjs.org/lru-queue/-/lru-queue-0.1.0.tgz",
          "integrity": "sha1-Jzi9nw089PhEkMVzbEhpmsYyzaM=",
          "requires": {
            "es5-ext": "~0.10.2"
          }
        },
        "md5.js": {
          "version": "1.3.5",
          "resolved": "https://registry.npmjs.org/md5.js/-/md5.js-1.3.5.tgz",
          "integrity": "sha512-xitP+WxNPcTTOgnTJcrhM0xvdPepipPSf3I8EIpGKeFLjt3PlJLIDG3u8EX53ZIubkb+5U2+3rELYpEhHhzdkg==",
          "requires": {
            "hash-base": "^3.0.0",
            "inherits": "^2.0.1",
            "safe-buffer": "^5.1.2"
          }
        },
        "memoizee": {
          "version": "0.4.14",
          "resolved": "https://registry.npmjs.org/memoizee/-/memoizee-0.4.14.tgz",
          "integrity": "sha512-/SWFvWegAIYAO4NQMpcX+gcra0yEZu4OntmUdrBaWrJncxOqAziGFlHxc7yjKVK2uu3lpPW27P27wkR82wA8mg==",
          "requires": {
            "d": "1",
            "es5-ext": "^0.10.45",
            "es6-weak-map": "^2.0.2",
            "event-emitter": "^0.3.5",
            "is-promise": "^2.1",
            "lru-queue": "0.1",
            "next-tick": "1",
            "timers-ext": "^0.1.5"
          }
        },
        "minimalistic-assert": {
          "version": "1.0.1",
          "resolved": "https://registry.npmjs.org/minimalistic-assert/-/minimalistic-assert-1.0.1.tgz",
          "integrity": "sha512-UtJcAD4yEaGtjPezWuO9wC4nwUnVH/8/Im3yEHQP4b67cXlD/Qr9hdITCU1xDbSEXg2XKNaP8jsReV7vQd00/A=="
        },
        "minimalistic-crypto-utils": {
          "version": "1.0.1",
          "resolved": "https://registry.npmjs.org/minimalistic-crypto-utils/-/minimalistic-crypto-utils-1.0.1.tgz",
          "integrity": "sha1-9sAMHAsIIkblxNmd+4x8CDsrWCo="
        },
        "moment": {
          "version": "2.24.0",
          "resolved": "https://registry.npmjs.org/moment/-/moment-2.24.0.tgz",
          "integrity": "sha512-bV7f+6l2QigeBBZSM/6yTNq4P2fNpSWj/0e7jQcy87A8e7o2nAfP/34/2ky5Vw4B9S446EtIhodAzkFCcR4dQg=="
        },
        "ms": {
          "version": "2.0.0",
          "resolved": "https://registry.npmjs.org/ms/-/ms-2.0.0.tgz",
          "integrity": "sha1-VgiurfwAvmwpAd9fmGF4jeDVl8g="
        },
        "nan": {
          "version": "2.14.0",
          "resolved": "https://registry.npmjs.org/nan/-/nan-2.14.0.tgz",
          "integrity": "sha512-INOFj37C7k3AfaNTtX8RhsTw7qRy7eLET14cROi9+5HAVbbHuIWUHEauBv5qT4Av2tWasiTY1Jw6puUNqRJXQg=="
        },
        "next-tick": {
          "version": "1.0.0",
          "resolved": "https://registry.npmjs.org/next-tick/-/next-tick-1.0.0.tgz",
          "integrity": "sha1-yobR/ogoFpsBICCOPchCS524NCw="
        },
        "node-fetch": {
          "version": "1.7.3",
          "resolved": "https://registry.npmjs.org/node-fetch/-/node-fetch-1.7.3.tgz",
          "integrity": "sha512-NhZ4CsKx7cYm2vSrBAr2PvFOe6sWDf0UYLRqA6svUYg7+/TSfVAu49jYC4BvQ4Sms9SZgdqGBgroqfDhJdTyKQ==",
          "requires": {
            "encoding": "^0.1.11",
            "is-stream": "^1.0.1"
          }
        },
        "pbkdf2": {
          "version": "3.0.17",
          "resolved": "https://registry.npmjs.org/pbkdf2/-/pbkdf2-3.0.17.tgz",
          "integrity": "sha512-U/il5MsrZp7mGg3mSQfn742na2T+1/vHDCG5/iTI3X9MKUuYUZVLQhyRsg06mCgDBTd57TxzgZt7P+fYfjRLtA==",
          "requires": {
            "create-hash": "^1.1.2",
            "create-hmac": "^1.1.4",
            "ripemd160": "^2.0.1",
            "safe-buffer": "^5.0.1",
            "sha.js": "^2.4.8"
          }
        },
        "randombytes": {
          "version": "2.1.0",
          "resolved": "https://registry.npmjs.org/randombytes/-/randombytes-2.1.0.tgz",
          "integrity": "sha512-vYl3iOX+4CKUWuxGi9Ukhie6fsqXqS9FE2Zaic4tNFD2N2QQaXOMFbuKK4QmDHC0JO6B1Zp41J0LpT0oR68amQ==",
          "requires": {
            "safe-buffer": "^5.1.0"
          }
        },
        "regenerator-runtime": {
          "version": "0.13.3",
          "resolved": "https://registry.npmjs.org/regenerator-runtime/-/regenerator-runtime-0.13.3.tgz",
          "integrity": "sha512-naKIZz2GQ8JWh///G7L3X6LaQUAMp2lvb1rvwwsURe/VXwD6VMfr+/1NuNw3ag8v2kY1aQ/go5SNn79O9JU7yw=="
        },
        "ripemd160": {
          "version": "2.0.2",
          "resolved": "https://registry.npmjs.org/ripemd160/-/ripemd160-2.0.2.tgz",
          "integrity": "sha512-ii4iagi25WusVoiC4B4lq7pbXfAp3D9v5CwfkY33vffw2+pkDjY1D8GaN7spsxvCSx8dkPqOZCEZyfxcmJG2IA==",
          "requires": {
            "hash-base": "^3.0.0",
            "inherits": "^2.0.1"
          }
        },
        "rxjs": {
          "version": "6.5.4",
          "resolved": "https://registry.npmjs.org/rxjs/-/rxjs-6.5.4.tgz",
          "integrity": "sha512-naMQXcgEo3csAEGvw/NydRA0fuS2nDZJiw1YUWFKU7aPPAPGZEsD4Iimit96qwCieH6y614MCLYwdkrWx7z/7Q==",
          "requires": {
            "tslib": "^1.9.0"
          }
        },
        "safe-buffer": {
          "version": "5.2.0",
          "resolved": "https://registry.npmjs.org/safe-buffer/-/safe-buffer-5.2.0.tgz",
          "integrity": "sha512-fZEwUGbVl7kouZs1jCdMLdt95hdIv0ZeHg6L7qPeciMZhZ+/gdesW4wgTARkrFWEpspjEATAzUGPG8N2jJiwbg=="
        },
        "safer-buffer": {
          "version": "2.1.2",
          "resolved": "https://registry.npmjs.org/safer-buffer/-/safer-buffer-2.1.2.tgz",
          "integrity": "sha512-YZo3K82SD7Riyi0E1EQPojLz7kpepnSQI9IyPbHHg1XXXevb5dJI7tpyN2ADxGcQbHG7vcyRHk0cbwqcQriUtg=="
        },
        "secp256k1": {
          "version": "3.8.0",
          "resolved": "https://registry.npmjs.org/secp256k1/-/secp256k1-3.8.0.tgz",
          "integrity": "sha512-k5ke5avRZbtl9Tqx/SA7CbY3NF6Ro+Sj9cZxezFzuBlLDmyqPiL8hJJ+EmzD8Ig4LUDByHJ3/iPOVoRixs/hmw==",
          "requires": {
            "bindings": "^1.5.0",
            "bip66": "^1.1.5",
            "bn.js": "^4.11.8",
            "create-hash": "^1.2.0",
            "drbg.js": "^1.0.1",
            "elliptic": "^6.5.2",
            "nan": "^2.14.0",
            "safe-buffer": "^5.1.2"
          }
        },
        "sha.js": {
          "version": "2.4.11",
          "resolved": "https://registry.npmjs.org/sha.js/-/sha.js-2.4.11.tgz",
          "integrity": "sha512-QMEp5B7cftE7APOjk5Y6xgrbWu+WkLVQwk8JNjZ8nKRciZaByEW6MubieAiToS7+dwvrjGhH8jRXz3MVd0AYqQ==",
          "requires": {
            "inherits": "^2.0.1",
            "safe-buffer": "^5.0.1"
          }
        },
        "supports-color": {
          "version": "7.1.0",
          "resolved": "https://registry.npmjs.org/supports-color/-/supports-color-7.1.0.tgz",
          "integrity": "sha512-oRSIpR8pxT1Wr2FquTNnGet79b3BWljqOuoW/h4oBhxJ/HUbX5nX6JSruTkvXDCFMwDPvsaTTbvMLKZWSy0R5g==",
          "requires": {
            "has-flag": "^4.0.0"
          }
        },
        "timers-ext": {
          "version": "0.1.7",
          "resolved": "https://registry.npmjs.org/timers-ext/-/timers-ext-0.1.7.tgz",
          "integrity": "sha512-b85NUNzTSdodShTIbky6ZF02e8STtVVfD+fu4aXXShEELpozH+bCpJLYMPZbsABN2wDH7fJpqIoXxJpzbf0NqQ==",
          "requires": {
            "es5-ext": "~0.10.46",
            "next-tick": "1"
          }
        },
        "tslib": {
          "version": "1.10.0",
          "resolved": "https://registry.npmjs.org/tslib/-/tslib-1.10.0.tgz",
          "integrity": "sha512-qOebF53frne81cf0S9B41ByenJ3/IuH8yJKngAX35CmiZySA0khhkovshKK+jGCaMnVomla7gVlIcc3EvKPbTQ=="
        },
        "tweetnacl": {
          "version": "1.0.1",
          "resolved": "https://registry.npmjs.org/tweetnacl/-/tweetnacl-1.0.1.tgz",
          "integrity": "sha512-kcoMoKTPYnoeS50tzoqjPY3Uv9axeuuFAZY9M/9zFnhoVvRfxz9K29IMPD7jGmt2c8SW7i3gT9WqDl2+nV7p4A=="
        },
        "type": {
          "version": "1.2.0",
          "resolved": "https://registry.npmjs.org/type/-/type-1.2.0.tgz",
          "integrity": "sha512-+5nt5AAniqsCnu2cEQQdpzCAh33kVx8n0VoFidKpB1dVVLAN/F+bgVOqOJqOnEnrhp222clB5p3vUlD+1QAnfg=="
        },
        "typedarray-to-buffer": {
          "version": "3.1.5",
          "resolved": "https://registry.npmjs.org/typedarray-to-buffer/-/typedarray-to-buffer-3.1.5.tgz",
          "integrity": "sha512-zdu8XMNEDepKKR+XYOXAVPtWui0ly0NtohUscw+UmaHiAWT8hrV1rr//H6V+0DvJ3OQ19S979M0laLfX8rm82Q==",
          "requires": {
            "is-typedarray": "^1.0.0"
          }
        },
        "unorm": {
          "version": "1.6.0",
          "resolved": "https://registry.npmjs.org/unorm/-/unorm-1.6.0.tgz",
          "integrity": "sha512-b2/KCUlYZUeA7JFUuRJZPUtr4gZvBh7tavtv4fvk4+KV9pfGiR6CQAQAWl49ZpR3ts2dk4FYkP7EIgDJoiOLDA=="
        },
        "websocket": {
          "version": "1.0.31",
          "resolved": "https://registry.npmjs.org/websocket/-/websocket-1.0.31.tgz",
          "integrity": "sha512-VAouplvGKPiKFDTeCCO65vYHsyay8DqoBSlzIO3fayrfOgU94lQN5a1uWVnFrMLceTJw/+fQXR5PGbUVRaHshQ==",
          "requires": {
            "debug": "^2.2.0",
            "es5-ext": "^0.10.50",
            "nan": "^2.14.0",
            "typedarray-to-buffer": "^3.1.5",
            "yaeti": "^0.0.6"
          }
        },
        "whatwg-fetch": {
          "version": "3.0.0",
          "resolved": "https://registry.npmjs.org/whatwg-fetch/-/whatwg-fetch-3.0.0.tgz",
          "integrity": "sha512-9GSJUgz1D4MfyKU7KRqwOjXCXTqWdFNvEr7eUBYchQiVc744mqK/MzXPNR2WsPkmkOa4ywfg8C2n8h+13Bey1Q=="
        },
        "xxhashjs": {
          "version": "0.2.2",
          "resolved": "https://registry.npmjs.org/xxhashjs/-/xxhashjs-0.2.2.tgz",
          "integrity": "sha512-AkTuIuVTET12tpsVIQo+ZU6f/qDmKuRUcjaqR+OIvm+aCBsZ95i7UVY5WJ9TMsSaZ0DA2WxoZ4acu0sPH+OKAw==",
          "requires": {
            "cuint": "^0.2.2"
          }
        },
        "yaeti": {
          "version": "0.0.6",
          "resolved": "https://registry.npmjs.org/yaeti/-/yaeti-0.0.6.tgz",
          "integrity": "sha1-8m9ITXJoTPQr7ft2lwqhYI+/lXc="
        }
      }
    },
    "after": {
      "version": "0.8.2",
      "resolved": "https://registry.npmjs.org/after/-/after-0.8.2.tgz",
      "integrity": "sha1-/ts5T58OAqqXaOcCvaI7UF+ufh8="
    },
    "arraybuffer.slice": {
      "version": "0.0.7",
      "resolved": "https://registry.npmjs.org/arraybuffer.slice/-/arraybuffer.slice-0.0.7.tgz",
      "integrity": "sha512-wGUIVQXuehL5TCqQun8OW81jGzAWycqzFF8lFp+GOM5BXLYj3bKNsYC4daB7n6XjCqxQA/qgTJ+8ANR3acjrog=="
    },
    "async-limiter": {
      "version": "1.0.1",
      "resolved": "https://registry.npmjs.org/async-limiter/-/async-limiter-1.0.1.tgz",
      "integrity": "sha512-csOlWGAcRFJaI6m+F2WKdnMKr4HhdhFVBk0H/QbJFMCr+uO2kwohwXQPxw/9OCxp05r5ghVBFSyioixx3gfkNQ=="
    },
    "backo2": {
      "version": "1.0.2",
      "resolved": "https://registry.npmjs.org/backo2/-/backo2-1.0.2.tgz",
      "integrity": "sha1-MasayLEpNjRj41s+u2n038+6eUc="
    },
    "base64-arraybuffer": {
      "version": "0.1.5",
      "resolved": "https://registry.npmjs.org/base64-arraybuffer/-/base64-arraybuffer-0.1.5.tgz",
      "integrity": "sha1-c5JncZI7Whl0etZmqlzUv5xunOg="
    },
    "better-assert": {
      "version": "1.0.2",
      "resolved": "https://registry.npmjs.org/better-assert/-/better-assert-1.0.2.tgz",
      "integrity": "sha1-QIZrnhueC1W0gYlDEeaPr/rrxSI=",
      "requires": {
        "callsite": "1.0.0"
      }
    },
    "blob": {
      "version": "0.0.5",
      "resolved": "https://registry.npmjs.org/blob/-/blob-0.0.5.tgz",
      "integrity": "sha512-gaqbzQPqOoamawKg0LGVd7SzLgXS+JH61oWprSLH+P+abTczqJbhTR8CmJ2u9/bUYNmHTGJx/UEmn6doAvvuig=="
    },
    "callsite": {
      "version": "1.0.0",
      "resolved": "https://registry.npmjs.org/callsite/-/callsite-1.0.0.tgz",
      "integrity": "sha1-KAOY5dZkvXQDi28JBRU+borxvCA="
    },
    "component-bind": {
      "version": "1.0.0",
      "resolved": "https://registry.npmjs.org/component-bind/-/component-bind-1.0.0.tgz",
      "integrity": "sha1-AMYIq33Nk4l8AAllGx06jh5zu9E="
    },
    "component-emitter": {
      "version": "1.2.1",
      "resolved": "https://registry.npmjs.org/component-emitter/-/component-emitter-1.2.1.tgz",
      "integrity": "sha1-E3kY1teCg/ffemt8WmPhQOaUJeY="
    },
    "component-inherit": {
      "version": "0.0.3",
      "resolved": "https://registry.npmjs.org/component-inherit/-/component-inherit-0.0.3.tgz",
      "integrity": "sha1-ZF/ErfWLcrZJ1crmUTVhnbJv8UM="
    },
    "debug": {
      "version": "4.1.1",
      "resolved": "https://registry.npmjs.org/debug/-/debug-4.1.1.tgz",
      "integrity": "sha512-pYAIzeRo8J6KPEaJ0VWOh5Pzkbw/RetuzehGM7QRRX5he4fPHx2rdKMB256ehJCkX+XRQm16eZLqLNS8RSZXZw==",
      "requires": {
        "ms": "^2.1.1"
      }
    },
    "engine.io-client": {
      "version": "3.4.0",
      "resolved": "https://registry.npmjs.org/engine.io-client/-/engine.io-client-3.4.0.tgz",
      "integrity": "sha512-a4J5QO2k99CM2a0b12IznnyQndoEvtA4UAldhGzKqnHf42I3Qs2W5SPnDvatZRcMaNZs4IevVicBPayxYt6FwA==",
      "requires": {
        "component-emitter": "1.2.1",
        "component-inherit": "0.0.3",
        "debug": "~4.1.0",
        "engine.io-parser": "~2.2.0",
        "has-cors": "1.1.0",
        "indexof": "0.0.1",
        "parseqs": "0.0.5",
        "parseuri": "0.0.5",
        "ws": "~6.1.0",
        "xmlhttprequest-ssl": "~1.5.4",
        "yeast": "0.1.2"
      }
    },
    "engine.io-parser": {
      "version": "2.2.0",
      "resolved": "https://registry.npmjs.org/engine.io-parser/-/engine.io-parser-2.2.0.tgz",
      "integrity": "sha512-6I3qD9iUxotsC5HEMuuGsKA0cXerGz+4uGcXQEkfBidgKf0amsjrrtwcbwK/nzpZBxclXlV7gGl9dgWvu4LF6w==",
      "requires": {
        "after": "0.8.2",
        "arraybuffer.slice": "~0.0.7",
        "base64-arraybuffer": "0.1.5",
        "blob": "0.0.5",
        "has-binary2": "~1.0.2"
      }
    },
    "has-binary2": {
      "version": "1.0.3",
      "resolved": "https://registry.npmjs.org/has-binary2/-/has-binary2-1.0.3.tgz",
      "integrity": "sha512-G1LWKhDSvhGeAQ8mPVQlqNcOB2sJdwATtZKl2pDKKHfpf/rYj24lkinxf69blJbnsvtqqNU+L3SL50vzZhXOnw==",
      "requires": {
        "isarray": "2.0.1"
      }
    },
    "has-cors": {
      "version": "1.1.0",
      "resolved": "https://registry.npmjs.org/has-cors/-/has-cors-1.1.0.tgz",
      "integrity": "sha1-XkdHk/fqmEPRu5nCPu9J/xJv/zk="
    },
    "indexof": {
      "version": "0.0.1",
      "resolved": "https://registry.npmjs.org/indexof/-/indexof-0.0.1.tgz",
      "integrity": "sha1-gtwzbSMrkGIXnQWrMpOmYFn9Q10="
    },
    "isarray": {
      "version": "2.0.1",
      "resolved": "https://registry.npmjs.org/isarray/-/isarray-2.0.1.tgz",
      "integrity": "sha1-o32U7ZzaLVmGXJ92/llu4fM4dB4="
    },
    "ms": {
      "version": "2.1.2",
      "resolved": "https://registry.npmjs.org/ms/-/ms-2.1.2.tgz",
      "integrity": "sha512-sGkPx+VjMtmA6MX27oA4FBFELFCZZ4S4XqeGOXCv68tT+jb3vk/RyaKWP0PTKyWtmLSM0b+adUTEvbs1PEaH2w=="
    },
    "object-component": {
      "version": "0.0.3",
      "resolved": "https://registry.npmjs.org/object-component/-/object-component-0.0.3.tgz",
      "integrity": "sha1-8MaapQ78lbhmwYb0AKM3acsvEpE="
    },
    "parseqs": {
      "version": "0.0.5",
      "resolved": "https://registry.npmjs.org/parseqs/-/parseqs-0.0.5.tgz",
      "integrity": "sha1-1SCKNzjkZ2bikbouoXNoSSGouJ0=",
      "requires": {
        "better-assert": "~1.0.0"
      }
    },
    "parseuri": {
      "version": "0.0.5",
      "resolved": "https://registry.npmjs.org/parseuri/-/parseuri-0.0.5.tgz",
      "integrity": "sha1-gCBKUNTbt3m/3G6+J3jZDkvOMgo=",
      "requires": {
        "better-assert": "~1.0.0"
      }
    },
    "socket.io-client": {
      "version": "2.3.0",
      "resolved": "https://registry.npmjs.org/socket.io-client/-/socket.io-client-2.3.0.tgz",
      "integrity": "sha512-cEQQf24gET3rfhxZ2jJ5xzAOo/xhZwK+mOqtGRg5IowZsMgwvHwnf/mCRapAAkadhM26y+iydgwsXGObBB5ZdA==",
      "requires": {
        "backo2": "1.0.2",
        "base64-arraybuffer": "0.1.5",
        "component-bind": "1.0.0",
        "component-emitter": "1.2.1",
        "debug": "~4.1.0",
        "engine.io-client": "~3.4.0",
        "has-binary2": "~1.0.2",
        "has-cors": "1.1.0",
        "indexof": "0.0.1",
        "object-component": "0.0.3",
        "parseqs": "0.0.5",
        "parseuri": "0.0.5",
        "socket.io-parser": "~3.3.0",
        "to-array": "0.1.4"
      }
    },
    "socket.io-parser": {
      "version": "3.3.0",
      "resolved": "https://registry.npmjs.org/socket.io-parser/-/socket.io-parser-3.3.0.tgz",
      "integrity": "sha512-hczmV6bDgdaEbVqhAeVMM/jfUfzuEZHsQg6eOmLgJht6G3mPKMxYm75w2+qhAQZ+4X+1+ATZ+QFKeOZD5riHng==",
      "requires": {
        "component-emitter": "1.2.1",
        "debug": "~3.1.0",
        "isarray": "2.0.1"
      },
      "dependencies": {
        "debug": {
          "version": "3.1.0",
          "resolved": "https://registry.npmjs.org/debug/-/debug-3.1.0.tgz",
          "integrity": "sha512-OX8XqP7/1a9cqkxYw2yXss15f26NKWBpDXQd0/uK/KPqdQhxbPa994hnzjcE2VqQpDslf55723cKPUOGSmMY3g==",
          "requires": {
            "ms": "2.0.0"
          }
        },
        "ms": {
          "version": "2.0.0",
          "resolved": "https://registry.npmjs.org/ms/-/ms-2.0.0.tgz",
          "integrity": "sha1-VgiurfwAvmwpAd9fmGF4jeDVl8g="
        }
      }
    },
    "to-array": {
      "version": "0.1.4",
      "resolved": "https://registry.npmjs.org/to-array/-/to-array-0.1.4.tgz",
      "integrity": "sha1-F+bBH3PdTz10zaek/zI46a2b+JA="
    },
    "ws": {
      "version": "6.1.4",
      "resolved": "https://registry.npmjs.org/ws/-/ws-6.1.4.tgz",
      "integrity": "sha512-eqZfL+NE/YQc1/ZynhojeV8q+H050oR8AZ2uIev7RU10svA9ZnJUddHcOUZTJLinZ9yEfdA2kSATS2qZK5fhJA==",
      "requires": {
        "async-limiter": "~1.0.0"
      }
    },
    "xmlhttprequest-ssl": {
      "version": "1.5.5",
      "resolved": "https://registry.npmjs.org/xmlhttprequest-ssl/-/xmlhttprequest-ssl-1.5.5.tgz",
      "integrity": "sha1-wodrBhaKrcQOV9l+gRkayPQ5iz4="
    },
    "yeast": {
      "version": "0.1.2",
      "resolved": "https://registry.npmjs.org/yeast/-/yeast-0.1.2.tgz",
      "integrity": "sha1-AI4G2AlDIMNy28L47XagymyKxBk="
    }
  }
}
